// !$*UTF8*$!
{
	archiveVersion = 1;
	classes = {
	};
	objectVersion = 46;
	objects = {

/* Begin PBXBuildFile section */
		8DC619981B155F0B00D4D2F8 /* AppiariesFBKit.framework in Frameworks */ = {isa = PBXBuildFile; fileRef = 8DC619971B155F0B00D4D2F8 /* AppiariesFBKit.framework */; };
		B724D8531A1AF9180022F064 /* AppiariesSDK.framework in Frameworks */ = {isa = PBXBuildFile; fileRef = B724D8521A1AF9180022F064 /* AppiariesSDK.framework */; };
		C5ADA48539391DC1F7FCCA1D /* Task.m in Sources */ = {isa = PBXBuildFile; fileRef = C5ADAD233B1CE318B60E255C /* Task.m */; };
		C5ADA519B19B98463820990A /* Main.storyboard in Resources */ = {isa = PBXBuildFile; fileRef = C5ADA3FE6B3DBA65E5E91214 /* Main.storyboard */; };
		C5ADA78140B21470E9E2640F /* PreferenceHelper.m in Sources */ = {isa = PBXBuildFile; fileRef = C5ADAE0D04AECC452BD02B6F /* PreferenceHelper.m */; };
		C5ADA9461A7333DECC07BB8B /* TaskListCell.m in Sources */ = {isa = PBXBuildFile; fileRef = C5ADA09593E18F6BAB290401 /* TaskListCell.m */; };
		C5ADAA1173B520361A9B570A /* User.m in Sources */ = {isa = PBXBuildFile; fileRef = C5ADA7BC11F527D615B0C1EE /* User.m */; };
		C5ADAABE278F47453DC52BCD /* TaskListHeaderView.xib in Resources */ = {isa = PBXBuildFile; fileRef = C5ADA84365FD771436BF7CB8 /* TaskListHeaderView.xib */; };
		C5ADAD4D1566C8B4757806D6 /* TaskListHeaderView.m in Sources */ = {isa = PBXBuildFile; fileRef = C5ADAAD67099E080BD441D66 /* TaskListHeaderView.m */; };
		C5ADAE4CCDF525D895892538 /* Validator.m in Sources */ = {isa = PBXBuildFile; fileRef = C5ADABC48E5E804647CE543A /* Validator.m */; };
		D626840F1A3540E70092A50E /* TopViewController.m in Sources */ = {isa = PBXBuildFile; fileRef = D626840E1A3540E70092A50E /* TopViewController.m */; };
		D62684181A3547C50092A50E /* MBProgressHUD.m in Sources */ = {isa = PBXBuildFile; fileRef = D62684171A3547C50092A50E /* MBProgressHUD.m */; };
		D626841B1A3549370092A50E /* SignUpViewController.m in Sources */ = {isa = PBXBuildFile; fileRef = D626841A1A3549370092A50E /* SignUpViewController.m */; };
		D626841E1A354D100092A50E /* TaskListViewController.m in Sources */ = {isa = PBXBuildFile; fileRef = D626841D1A354D100092A50E /* TaskListViewController.m */; };
		D6709CE31A31630300887F97 /* LogInViewController.m in Sources */ = {isa = PBXBuildFile; fileRef = D6709C9B1A31630300887F97 /* LogInViewController.m */; };
		D6709CE41A31630300887F97 /* InfoPlist.strings in Resources */ = {isa = PBXBuildFile; fileRef = D6709C9C1A31630300887F97 /* InfoPlist.strings */; };
		D6709CE51A31630300887F97 /* AppDelegate.m in Sources */ = {isa = PBXBuildFile; fileRef = D6709C9F1A31630300887F97 /* AppDelegate.m */; };
		D6709CE61A31630300887F97 /* Images.xcassets in Resources */ = {isa = PBXBuildFile; fileRef = D6709CA01A31630300887F97 /* Images.xcassets */; };
		D6709CE91A31630300887F97 /* main.m in Sources */ = {isa = PBXBuildFile; fileRef = D6709CA81A31630300887F97 /* main.m */; };
		D6B6EA381A36AE5600D66822 /* TaskInputViewController.m in Sources */ = {isa = PBXBuildFile; fileRef = D6B6EA371A36AE5600D66822 /* TaskInputViewController.m */; };
		D6DE5FF91A39968000BD1474 /* SettingsViewController.m in Sources */ = {isa = PBXBuildFile; fileRef = D6DE5FF81A39968000BD1474 /* SettingsViewController.m */; };
		D6DE5FFC1A399DFB00BD1474 /* AccountSettingViewController.m in Sources */ = {isa = PBXBuildFile; fileRef = D6DE5FFB1A399DFB00BD1474 /* AccountSettingViewController.m */; };
		F53520C819ED09EE008F5AED /* Foundation.framework in Frameworks */ = {isa = PBXBuildFile; fileRef = F53520C719ED09EE008F5AED /* Foundation.framework */; };
		F53520CA19ED09EE008F5AED /* CoreGraphics.framework in Frameworks */ = {isa = PBXBuildFile; fileRef = F53520C919ED09EE008F5AED /* CoreGraphics.framework */; };
		F53520CC19ED09EE008F5AED /* UIKit.framework in Frameworks */ = {isa = PBXBuildFile; fileRef = F53520CB19ED09EE008F5AED /* UIKit.framework */; };
/* End PBXBuildFile section */

/* Begin PBXFileReference section */
		46A0A05E7E5EA4CC6A69860D /* Pods-Todo.debug.xcconfig */ = {isa = PBXFileReference; includeInIndex = 1; lastKnownFileType = text.xcconfig; name = "Pods-Todo.debug.xcconfig"; path = "Pods/Target Support Files/Pods-Todo/Pods-Todo.debug.xcconfig"; sourceTree = "<group>"; };
		8DC619971B155F0B00D4D2F8 /* AppiariesFBKit.framework */ = {isa = PBXFileReference; lastKnownFileType = wrapper.framework; path = AppiariesFBKit.framework; sourceTree = "<group>"; };
		B724D8521A1AF9180022F064 /* AppiariesSDK.framework */ = {isa = PBXFileReference; lastKnownFileType = wrapper.framework; path = AppiariesSDK.framework; sourceTree = "<group>"; };
		C5ADA09593E18F6BAB290401 /* TaskListCell.m */ = {isa = PBXFileReference; fileEncoding = 4; lastKnownFileType = sourcecode.c.objc; path = TaskListCell.m; sourceTree = "<group>"; };
		C5ADA25F2DF2C632615E0B83 /* Validator.h */ = {isa = PBXFileReference; fileEncoding = 4; lastKnownFileType = sourcecode.c.h; path = Validator.h; sourceTree = "<group>"; };
		C5ADA3ED05DDF1CCB157247B /* User.h */ = {isa = PBXFileReference; fileEncoding = 4; lastKnownFileType = sourcecode.c.h; path = User.h; sourceTree = "<group>"; };
		C5ADA3FE6B3DBA65E5E91214 /* Main.storyboard */ = {isa = PBXFileReference; lastKnownFileType = file.storyboard; path = Main.storyboard; sourceTree = "<group>"; };
		C5ADA486108B3315AEEB28D9 /* PreferenceHelper.h */ = {isa = PBXFileReference; fileEncoding = 4; lastKnownFileType = sourcecode.c.h; path = PreferenceHelper.h; sourceTree = "<group>"; };
		C5ADA5D6FC274A69A4D7E480 /* TaskListHeaderView.h */ = {isa = PBXFileReference; fileEncoding = 4; lastKnownFileType = sourcecode.c.h; path = TaskListHeaderView.h; sourceTree = "<group>"; };
		C5ADA7BC11F527D615B0C1EE /* User.m */ = {isa = PBXFileReference; fileEncoding = 4; lastKnownFileType = sourcecode.c.objc; path = User.m; sourceTree = "<group>"; };
		C5ADA84365FD771436BF7CB8 /* TaskListHeaderView.xib */ = {isa = PBXFileReference; lastKnownFileType = file.xib; path = TaskListHeaderView.xib; sourceTree = "<group>"; };
		C5ADA8C0B2598A16819ED466 /* Task.h */ = {isa = PBXFileReference; fileEncoding = 4; lastKnownFileType = sourcecode.c.h; path = Task.h; sourceTree = "<group>"; };
		C5ADA8DFAE140B04A3938273 /* TaskListCell.h */ = {isa = PBXFileReference; fileEncoding = 4; lastKnownFileType = sourcecode.c.h; path = TaskListCell.h; sourceTree = "<group>"; };
		C5ADAAD67099E080BD441D66 /* TaskListHeaderView.m */ = {isa = PBXFileReference; fileEncoding = 4; lastKnownFileType = sourcecode.c.objc; path = TaskListHeaderView.m; sourceTree = "<group>"; };
		C5ADABC48E5E804647CE543A /* Validator.m */ = {isa = PBXFileReference; fileEncoding = 4; lastKnownFileType = sourcecode.c.objc; path = Validator.m; sourceTree = "<group>"; };
		C5ADAD233B1CE318B60E255C /* Task.m */ = {isa = PBXFileReference; fileEncoding = 4; lastKnownFileType = sourcecode.c.objc; path = Task.m; sourceTree = "<group>"; };
		C5ADAE0D04AECC452BD02B6F /* PreferenceHelper.m */ = {isa = PBXFileReference; fileEncoding = 4; lastKnownFileType = sourcecode.c.objc; path = PreferenceHelper.m; sourceTree = "<group>"; };
		D626840E1A3540E70092A50E /* TopViewController.m */ = {isa = PBXFileReference; fileEncoding = 4; lastKnownFileType = sourcecode.c.objc; path = TopViewController.m; sourceTree = "<group>"; };
		D62684161A3547C50092A50E /* MBProgressHUD.h */ = {isa = PBXFileReference; fileEncoding = 4; lastKnownFileType = sourcecode.c.h; path = MBProgressHUD.h; sourceTree = "<group>"; };
		D62684171A3547C50092A50E /* MBProgressHUD.m */ = {isa = PBXFileReference; fileEncoding = 4; lastKnownFileType = sourcecode.c.objc; path = MBProgressHUD.m; sourceTree = "<group>"; };
		D62684191A3549370092A50E /* SignUpViewController.h */ = {isa = PBXFileReference; fileEncoding = 4; lastKnownFileType = sourcecode.c.h; path = SignUpViewController.h; sourceTree = "<group>"; };
		D626841A1A3549370092A50E /* SignUpViewController.m */ = {isa = PBXFileReference; fileEncoding = 4; lastKnownFileType = sourcecode.c.objc; path = SignUpViewController.m; sourceTree = "<group>"; };
		D626841C1A354D100092A50E /* TaskListViewController.h */ = {isa = PBXFileReference; fileEncoding = 4; lastKnownFileType = sourcecode.c.h; path = TaskListViewController.h; sourceTree = "<group>"; };
		D626841D1A354D100092A50E /* TaskListViewController.m */ = {isa = PBXFileReference; fileEncoding = 4; lastKnownFileType = sourcecode.c.objc; path = TaskListViewController.m; sourceTree = "<group>"; };
		D6709C9A1A31630300887F97 /* LogInViewController.h */ = {isa = PBXFileReference; fileEncoding = 4; lastKnownFileType = sourcecode.c.h; path = LogInViewController.h; sourceTree = "<group>"; };
		D6709C9B1A31630300887F97 /* LogInViewController.m */ = {isa = PBXFileReference; fileEncoding = 4; lastKnownFileType = sourcecode.c.objc; path = LogInViewController.m; sourceTree = "<group>"; };
		D6709C9D1A31630300887F97 /* en */ = {isa = PBXFileReference; lastKnownFileType = text.plist.strings; name = en; path = en.lproj/InfoPlist.strings; sourceTree = "<group>"; };
		D6709C9E1A31630300887F97 /* AppDelegate.h */ = {isa = PBXFileReference; fileEncoding = 4; lastKnownFileType = sourcecode.c.h; path = AppDelegate.h; sourceTree = "<group>"; };
		D6709C9F1A31630300887F97 /* AppDelegate.m */ = {isa = PBXFileReference; fileEncoding = 4; lastKnownFileType = sourcecode.c.objc; path = AppDelegate.m; sourceTree = "<group>"; };
		D6709CA01A31630300887F97 /* Images.xcassets */ = {isa = PBXFileReference; lastKnownFileType = folder.assetcatalog; path = Images.xcassets; sourceTree = "<group>"; };
		D6709CA71A31630300887F97 /* Configurations.h */ = {isa = PBXFileReference; fileEncoding = 4; lastKnownFileType = sourcecode.c.h; path = Configurations.h; sourceTree = "<group>"; };
		D6709CA81A31630300887F97 /* main.m */ = {isa = PBXFileReference; fileEncoding = 4; lastKnownFileType = sourcecode.c.objc; path = main.m; sourceTree = "<group>"; };
		D6709CD01A31630300887F97 /* Todo-Info.plist */ = {isa = PBXFileReference; fileEncoding = 4; lastKnownFileType = text.plist.xml; path = "Todo-Info.plist"; sourceTree = "<group>"; };
		D6709CD11A31630300887F97 /* Todo-Prefix.pch */ = {isa = PBXFileReference; fileEncoding = 4; lastKnownFileType = sourcecode.c.h; path = "Todo-Prefix.pch"; sourceTree = "<group>"; };
		D6B6EA361A36AE5600D66822 /* TaskInputViewController.h */ = {isa = PBXFileReference; fileEncoding = 4; lastKnownFileType = sourcecode.c.h; path = TaskInputViewController.h; sourceTree = "<group>"; };
		D6B6EA371A36AE5600D66822 /* TaskInputViewController.m */ = {isa = PBXFileReference; fileEncoding = 4; lastKnownFileType = sourcecode.c.objc; path = TaskInputViewController.m; sourceTree = "<group>"; };
		D6DE5FF71A39968000BD1474 /* SettingsViewController.h */ = {isa = PBXFileReference; fileEncoding = 4; lastKnownFileType = sourcecode.c.h; path = SettingsViewController.h; sourceTree = "<group>"; };
		D6DE5FF81A39968000BD1474 /* SettingsViewController.m */ = {isa = PBXFileReference; fileEncoding = 4; lastKnownFileType = sourcecode.c.objc; path = SettingsViewController.m; sourceTree = "<group>"; };
		D6DE5FFA1A399DFB00BD1474 /* AccountSettingViewController.h */ = {isa = PBXFileReference; fileEncoding = 4; lastKnownFileType = sourcecode.c.h; path = AccountSettingViewController.h; sourceTree = "<group>"; };
		D6DE5FFB1A399DFB00BD1474 /* AccountSettingViewController.m */ = {isa = PBXFileReference; fileEncoding = 4; lastKnownFileType = sourcecode.c.objc; path = AccountSettingViewController.m; sourceTree = "<group>"; };
		E7C3210455F7E23D65460E3C /* Pods-Todo.release.xcconfig */ = {isa = PBXFileReference; includeInIndex = 1; lastKnownFileType = text.xcconfig; name = "Pods-Todo.release.xcconfig"; path = "Pods/Target Support Files/Pods-Todo/Pods-Todo.release.xcconfig"; sourceTree = "<group>"; };
		F53520C419ED09EE008F5AED /* Todo.app */ = {isa = PBXFileReference; explicitFileType = wrapper.application; includeInIndex = 0; path = Todo.app; sourceTree = BUILT_PRODUCTS_DIR; };
		F53520C719ED09EE008F5AED /* Foundation.framework */ = {isa = PBXFileReference; lastKnownFileType = wrapper.framework; name = Foundation.framework; path = System/Library/Frameworks/Foundation.framework; sourceTree = SDKROOT; };
		F53520C919ED09EE008F5AED /* CoreGraphics.framework */ = {isa = PBXFileReference; lastKnownFileType = wrapper.framework; name = CoreGraphics.framework; path = System/Library/Frameworks/CoreGraphics.framework; sourceTree = SDKROOT; };
		F53520CB19ED09EE008F5AED /* UIKit.framework */ = {isa = PBXFileReference; lastKnownFileType = wrapper.framework; name = UIKit.framework; path = System/Library/Frameworks/UIKit.framework; sourceTree = SDKROOT; };
		F58F55A71A68D819000E6603 /* TopViewController.h */ = {isa = PBXFileReference; fileEncoding = 4; lastKnownFileType = sourcecode.c.h; path = TopViewController.h; sourceTree = "<group>"; };
/* End PBXFileReference section */

/* Begin PBXFrameworksBuildPhase section */
		F53520C119ED09EE008F5AED /* Frameworks */ = {
			isa = PBXFrameworksBuildPhase;
			buildActionMask = 2147483647;
			files = (
				8DC619981B155F0B00D4D2F8 /* AppiariesFBKit.framework in Frameworks */,
				F53520CA19ED09EE008F5AED /* CoreGraphics.framework in Frameworks */,
				F53520C819ED09EE008F5AED /* Foundation.framework in Frameworks */,
				F53520CC19ED09EE008F5AED /* UIKit.framework in Frameworks */,
				B724D8531A1AF9180022F064 /* AppiariesSDK.framework in Frameworks */,
			);
			runOnlyForDeploymentPostprocessing = 0;
		};
/* End PBXFrameworksBuildPhase section */

/* Begin PBXGroup section */
		20CA5435CE2F07BB1ADB50E4 /* Pods */ = {
			isa = PBXGroup;
			children = (
				46A0A05E7E5EA4CC6A69860D /* Pods-Todo.debug.xcconfig */,
				E7C3210455F7E23D65460E3C /* Pods-Todo.release.xcconfig */,
			);
			name = Pods;
			sourceTree = "<group>";
		};
		C5ADA75277624F5D7AFF0F8D /* Support */ = {
			isa = PBXGroup;
			children = (
				C5ADAD002E953788E6A627B7 /* Helpers */,
			);
			path = Support;
			sourceTree = "<group>";
		};
		C5ADAD002E953788E6A627B7 /* Helpers */ = {
			isa = PBXGroup;
			children = (
				C5ADAE0D04AECC452BD02B6F /* PreferenceHelper.m */,
				C5ADA486108B3315AEEB28D9 /* PreferenceHelper.h */,
				C5ADABC48E5E804647CE543A /* Validator.m */,
				C5ADA25F2DF2C632615E0B83 /* Validator.h */,
			);
			path = Helpers;
			sourceTree = "<group>";
		};
		D626841F1A35565C0092A50E /* Cell */ = {
			isa = PBXGroup;
			children = (
				C5ADA5D6FC274A69A4D7E480 /* TaskListHeaderView.h */,
				C5ADAAD67099E080BD441D66 /* TaskListHeaderView.m */,
				C5ADA8DFAE140B04A3938273 /* TaskListCell.h */,
				C5ADA09593E18F6BAB290401 /* TaskListCell.m */,
			);
			name = Cell;
			sourceTree = "<group>";
		};
		D6709C821A31630300887F97 /* Todo */ = {
			isa = PBXGroup;
			children = (
				D6709C851A31630300887F97 /* Controllers */,
				D6709CA11A31630300887F97 /* Library */,
				D6709CA91A31630300887F97 /* Models */,
				D6709CFF1A31645000887F97 /* Supporting Files */,
				D6709CA01A31630300887F97 /* Images.xcassets */,
				C5ADA3FE6B3DBA65E5E91214 /* Main.storyboard */,
				D6709C9E1A31630300887F97 /* AppDelegate.h */,
				D6709C9F1A31630300887F97 /* AppDelegate.m */,
				C5ADA75277624F5D7AFF0F8D /* Support */,
			);
			path = Todo;
			sourceTree = "<group>";
		};
		D6709C851A31630300887F97 /* Controllers */ = {
			isa = PBXGroup;
			children = (
				D626841F1A35565C0092A50E /* Cell */,
				D6DE5FFA1A399DFB00BD1474 /* AccountSettingViewController.h */,
				D6DE5FFB1A399DFB00BD1474 /* AccountSettingViewController.m */,
				D6B6EA361A36AE5600D66822 /* TaskInputViewController.h */,
				D6B6EA371A36AE5600D66822 /* TaskInputViewController.m */,
				D626841C1A354D100092A50E /* TaskListViewController.h */,
				D626841D1A354D100092A50E /* TaskListViewController.m */,
				D6709C9A1A31630300887F97 /* LogInViewController.h */,
				D6709C9B1A31630300887F97 /* LogInViewController.m */,
				D6DE5FF71A39968000BD1474 /* SettingsViewController.h */,
				D6DE5FF81A39968000BD1474 /* SettingsViewController.m */,
				D62684191A3549370092A50E /* SignUpViewController.h */,
				D626841A1A3549370092A50E /* SignUpViewController.m */,
				F58F55A71A68D819000E6603 /* TopViewController.h */,
				D626840E1A3540E70092A50E /* TopViewController.m */,
				C5ADA84365FD771436BF7CB8 /* TaskListHeaderView.xib */,
			);
			path = Controllers;
			sourceTree = "<group>";
		};
		D6709CA11A31630300887F97 /* Library */ = {
			isa = PBXGroup;
			children = (
				D62684161A3547C50092A50E /* MBProgressHUD.h */,
				D62684171A3547C50092A50E /* MBProgressHUD.m */,
				D6709CA71A31630300887F97 /* Configurations.h */,
			);
			path = Library;
			sourceTree = "<group>";
		};
		D6709CA91A31630300887F97 /* Models */ = {
			isa = PBXGroup;
			children = (
				C5ADA8C0B2598A16819ED466 /* Task.h */,
				C5ADAD233B1CE318B60E255C /* Task.m */,
				C5ADA3ED05DDF1CCB157247B /* User.h */,
				C5ADA7BC11F527D615B0C1EE /* User.m */,
			);
			path = Models;
			sourceTree = "<group>";
		};
		D6709CFF1A31645000887F97 /* Supporting Files */ = {
			isa = PBXGroup;
			children = (
				D6709C9C1A31630300887F97 /* InfoPlist.strings */,
				D6709CA81A31630300887F97 /* main.m */,
				D6709CD01A31630300887F97 /* Todo-Info.plist */,
				D6709CD11A31630300887F97 /* Todo-Prefix.pch */,
			);
			name = "Supporting Files";
			sourceTree = "<group>";
		};
		F53520BB19ED09EE008F5AED = {
			isa = PBXGroup;
			children = (
				D6709C821A31630300887F97 /* Todo */,
				F53520C619ED09EE008F5AED /* Frameworks */,
				F53520C519ED09EE008F5AED /* Products */,
				20CA5435CE2F07BB1ADB50E4 /* Pods */,
			);
			sourceTree = "<group>";
		};
		F53520C519ED09EE008F5AED /* Products */ = {
			isa = PBXGroup;
			children = (
				F53520C419ED09EE008F5AED /* Todo.app */,
			);
			name = Products;
			sourceTree = "<group>";
		};
		F53520C619ED09EE008F5AED /* Frameworks */ = {
			isa = PBXGroup;
			children = (
				8DC619971B155F0B00D4D2F8 /* AppiariesFBKit.framework */,
				B724D8521A1AF9180022F064 /* AppiariesSDK.framework */,
				F53520C719ED09EE008F5AED /* Foundation.framework */,
				F53520C919ED09EE008F5AED /* CoreGraphics.framework */,
				F53520CB19ED09EE008F5AED /* UIKit.framework */,
			);
			name = Frameworks;
			sourceTree = "<group>";
		};
/* End PBXGroup section */

/* Begin PBXNativeTarget section */
		F53520C319ED09EE008F5AED /* Todo */ = {
			isa = PBXNativeTarget;
			buildConfigurationList = F53520F619ED09EE008F5AED /* Build configuration list for PBXNativeTarget "Todo" */;
			buildPhases = (
				F53520C019ED09EE008F5AED /* Sources */,
				F53520C119ED09EE008F5AED /* Frameworks */,
				F53520C219ED09EE008F5AED /* Resources */,
			);
			buildRules = (
			);
			dependencies = (
			);
			name = Todo;
			productName = Todo;
			productReference = F53520C419ED09EE008F5AED /* Todo.app */;
			productType = "com.apple.product-type.application";
		};
/* End PBXNativeTarget section */

/* Begin PBXProject section */
		F53520BC19ED09EE008F5AED /* Project object */ = {
			isa = PBXProject;
			attributes = {
				LastUpgradeCheck = 0510;
				ORGANIZATIONNAME = Appiaries;
			};
			buildConfigurationList = F53520BF19ED09EE008F5AED /* Build configuration list for PBXProject "Todo" */;
			compatibilityVersion = "Xcode 3.2";
			developmentRegion = English;
			hasScannedForEncodings = 0;
			knownRegions = (
				en,
				Base,
			);
			mainGroup = F53520BB19ED09EE008F5AED;
			productRefGroup = F53520C519ED09EE008F5AED /* Products */;
			projectDirPath = "";
			projectRoot = "";
			targets = (
				F53520C319ED09EE008F5AED /* Todo */,
			);
		};
/* End PBXProject section */

/* Begin PBXResourcesBuildPhase section */
		F53520C219ED09EE008F5AED /* Resources */ = {
			isa = PBXResourcesBuildPhase;
			buildActionMask = 2147483647;
			files = (
				D6709CE61A31630300887F97 /* Images.xcassets in Resources */,
				D6709CE41A31630300887F97 /* InfoPlist.strings in Resources */,
				C5ADA519B19B98463820990A /* Main.storyboard in Resources */,
				C5ADAABE278F47453DC52BCD /* TaskListHeaderView.xib in Resources */,
			);
			runOnlyForDeploymentPostprocessing = 0;
		};
/* End PBXResourcesBuildPhase section */

/* Begin PBXSourcesBuildPhase section */
		F53520C019ED09EE008F5AED /* Sources */ = {
			isa = PBXSourcesBuildPhase;
			buildActionMask = 2147483647;
			files = (
				D6B6EA381A36AE5600D66822 /* TaskInputViewController.m in Sources */,
				D626841E1A354D100092A50E /* TaskListViewController.m in Sources */,
				D6DE5FF91A39968000BD1474 /* SettingsViewController.m in Sources */,
				D626840F1A3540E70092A50E /* TopViewController.m in Sources */,
				D62684181A3547C50092A50E /* MBProgressHUD.m in Sources */,
				D626841B1A3549370092A50E /* SignUpViewController.m in Sources */,
				D6709CE51A31630300887F97 /* AppDelegate.m in Sources */,
				D6709CE31A31630300887F97 /* LogInViewController.m in Sources */,
				D6DE5FFC1A399DFB00BD1474 /* AccountSettingViewController.m in Sources */,
				D6709CE91A31630300887F97 /* main.m in Sources */,
				C5ADA48539391DC1F7FCCA1D /* Task.m in Sources */,
				C5ADAA1173B520361A9B570A /* User.m in Sources */,
				C5ADA78140B21470E9E2640F /* PreferenceHelper.m in Sources */,
				C5ADAE4CCDF525D895892538 /* Validator.m in Sources */,
				C5ADAD4D1566C8B4757806D6 /* TaskListHeaderView.m in Sources */,
				C5ADA9461A7333DECC07BB8B /* TaskListCell.m in Sources */,
			);
			runOnlyForDeploymentPostprocessing = 0;
		};
/* End PBXSourcesBuildPhase section */

/* Begin PBXVariantGroup section */
		D6709C9C1A31630300887F97 /* InfoPlist.strings */ = {
			isa = PBXVariantGroup;
			children = (
				D6709C9D1A31630300887F97 /* en */,
			);
			name = InfoPlist.strings;
			sourceTree = "<group>";
		};
/* End PBXVariantGroup section */

/* Begin XCBuildConfiguration section */
		F53520F419ED09EE008F5AED /* Debug */ = {
			isa = XCBuildConfiguration;
			buildSettings = {
				ALWAYS_SEARCH_USER_PATHS = NO;
				CLANG_CXX_LANGUAGE_STANDARD = "gnu++0x";
				CLANG_CXX_LIBRARY = "libc++";
				CLANG_ENABLE_MODULES = YES;
				CLANG_ENABLE_OBJC_ARC = YES;
				CLANG_WARN_BOOL_CONVERSION = YES;
				CLANG_WARN_CONSTANT_CONVERSION = YES;
				CLANG_WARN_DIRECT_OBJC_ISA_USAGE = YES_ERROR;
				CLANG_WARN_EMPTY_BODY = YES;
				CLANG_WARN_ENUM_CONVERSION = YES;
				CLANG_WARN_INT_CONVERSION = YES;
				CLANG_WARN_OBJC_ROOT_CLASS = YES_ERROR;
				CLANG_WARN__DUPLICATE_METHOD_MATCH = YES;
				COPY_PHASE_STRIP = NO;
				GCC_C_LANGUAGE_STANDARD = gnu99;
				GCC_DYNAMIC_NO_PIC = NO;
				GCC_OPTIMIZATION_LEVEL = 0;
				GCC_PREPROCESSOR_DEFINITIONS = (
					"DEBUG=1",
					"$(inherited)",
				);
				GCC_SYMBOLS_PRIVATE_EXTERN = NO;
				GCC_WARN_64_TO_32_BIT_CONVERSION = YES;
				GCC_WARN_ABOUT_RETURN_TYPE = YES_ERROR;
				GCC_WARN_UNDECLARED_SELECTOR = YES;
				GCC_WARN_UNINITIALIZED_AUTOS = YES_AGGRESSIVE;
				GCC_WARN_UNUSED_FUNCTION = YES;
				GCC_WARN_UNUSED_VARIABLE = YES;
				IPHONEOS_DEPLOYMENT_TARGET = 7.1;
				ONLY_ACTIVE_ARCH = YES;
				PROVISIONING_PROFILE = "f6660d4a-e244-4ac7-8564-b3c73ece3b4e";
				SDKROOT = iphoneos;
			};
			name = Debug;
		};
		F53520F519ED09EE008F5AED /* Release */ = {
			isa = XCBuildConfiguration;
			buildSettings = {
				ALWAYS_SEARCH_USER_PATHS = NO;
				CLANG_CXX_LANGUAGE_STANDARD = "gnu++0x";
				CLANG_CXX_LIBRARY = "libc++";
				CLANG_ENABLE_MODULES = YES;
				CLANG_ENABLE_OBJC_ARC = YES;
				CLANG_WARN_BOOL_CONVERSION = YES;
				CLANG_WARN_CONSTANT_CONVERSION = YES;
				CLANG_WARN_DIRECT_OBJC_ISA_USAGE = YES_ERROR;
				CLANG_WARN_EMPTY_BODY = YES;
				CLANG_WARN_ENUM_CONVERSION = YES;
				CLANG_WARN_INT_CONVERSION = YES;
				CLANG_WARN_OBJC_ROOT_CLASS = YES_ERROR;
				CLANG_WARN__DUPLICATE_METHOD_MATCH = YES;
				COPY_PHASE_STRIP = YES;
				ENABLE_NS_ASSERTIONS = NO;
				GCC_C_LANGUAGE_STANDARD = gnu99;
				GCC_WARN_64_TO_32_BIT_CONVERSION = YES;
				GCC_WARN_ABOUT_RETURN_TYPE = YES_ERROR;
				GCC_WARN_UNDECLARED_SELECTOR = YES;
				GCC_WARN_UNINITIALIZED_AUTOS = YES_AGGRESSIVE;
				GCC_WARN_UNUSED_FUNCTION = YES;
				GCC_WARN_UNUSED_VARIABLE = YES;
				IPHONEOS_DEPLOYMENT_TARGET = 7.1;
				PROVISIONING_PROFILE = "f6660d4a-e244-4ac7-8564-b3c73ece3b4e";
				SDKROOT = iphoneos;
				VALIDATE_PRODUCT = YES;
			};
			name = Release;
		};
		F53520F719ED09EE008F5AED /* Debug */ = {
			isa = XCBuildConfiguration;
			baseConfigurationReference = 46A0A05E7E5EA4CC6A69860D /* Pods-Todo.debug.xcconfig */;
			buildSettings = {
				ASSETCATALOG_COMPILER_APPICON_NAME = AppIcon;
				ASSETCATALOG_COMPILER_LAUNCHIMAGE_NAME = LaunchImage;
				FRAMEWORK_SEARCH_PATHS = (
					"$(inherited)",
					"$(PROJECT_DIR)",
				);
				GCC_PRECOMPILE_PREFIX_HEADER = YES;
				GCC_PREFIX_HEADER = "Todo/Todo-Prefix.pch";
				INFOPLIST_FILE = "Todo/Todo-Info.plist";
				PRODUCT_NAME = Todo;
				WRAPPER_EXTENSION = app;
			};
			name = Debug;
		};
		F53520F819ED09EE008F5AED /* Release */ = {
			isa = XCBuildConfiguration;
			baseConfigurationReference = E7C3210455F7E23D65460E3C /* Pods-Todo.release.xcconfig */;
			buildSettings = {
				ASSETCATALOG_COMPILER_APPICON_NAME = AppIcon;
				ASSETCATALOG_COMPILER_LAUNCHIMAGE_NAME = LaunchImage;
				FRAMEWORK_SEARCH_PATHS = (
					"$(inherited)",
					"$(PROJECT_DIR)",
				);
				GCC_PRECOMPILE_PREFIX_HEADER = YES;
				GCC_PREFIX_HEADER = "Todo/Todo-Prefix.pch";
				INFOPLIST_FILE = "Todo/Todo-Info.plist";
				PRODUCT_NAME = Todo;
				WRAPPER_EXTENSION = app;
			};
			name = Release;
		};
/* End XCBuildConfiguration section */

/* Begin XCConfigurationList section */
		F53520BF19ED09EE008F5AED /* Build configuration list for PBXProject "Todo" */ = {
			isa = XCConfigurationList;
			buildConfigurations = (
				F53520F419ED09EE008F5AED /* Debug */,
				F53520F519ED09EE008F5AED /* Release */,
			);
			defaultConfigurationIsVisible = 0;
			defaultConfigurationName = Release;
		};
		F53520F619ED09EE008F5AED /* Build configuration list for PBXNativeTarget "Todo" */ = {
			isa = XCConfigurationList;
			buildConfigurations = (
				F53520F719ED09EE008F5AED /* Debug */,
				F53520F819ED09EE008F5AED /* Release */,
			);
			defaultConfigurationIsVisible = 0;
			defaultConfigurationName = Release;
		};
/* End XCConfigurationList section */
	};
	rootObject = F53520BC19ED09EE008F5AED /* Project object */;
}
